
Microsoft Visual Studio Solution File, Format Version 12.00
# Visual Studio Version 17
VisualStudioVersion = 17.1.32319.34
MinimumVisualStudioVersion = 10.0.40219.1
Project("{888888A0-9F3D-457C-B088-3A5042F75D52}") = "Biopython_CommandLineInterpreter", "Biopython_CommandLineInterpreter.pyproj", "{74D6EC14-CB0C-40EA-8F34-9577EEC0290D}"
EndProject
Global
	GlobalSection(SolutionConfigurationPlatforms) = preSolution
		Debug|Any CPU = Debug|Any CPU
		Release|Any CPU = Release|Any CPU
	EndGlobalSection
	GlobalSection(ProjectConfigurationPlatforms) = postSolution
		{74D6EC14-CB0C-40EA-8F34-9577EEC0290D}.Debug|Any CPU.ActiveCfg = Debug|Any CPU
		{74D6EC14-CB0C-40EA-8F34-9577EEC0290D}.Release|Any CPU.ActiveCfg = Release|Any CPU
	EndGlobalSection
	GlobalSection(SolutionProperties) = preSolution
		HideSolutionNode = FALSE
	EndGlobalSection
	GlobalSection(ExtensibilityGlobals) = postSolution
		SolutionGuid = {AB167C93-EEA6-44B8-AC55-3ABA5EA62541}
	EndGlobalSection
EndGlobal
